// !$*UTF8*$!
{
	archiveVersion = 1;
	classes = {
	};
	objectVersion = 56;
	objects = {

/* Begin PBXBuildFile section */
		04828F0B2A2E497A007D019E /* FileDownloader.swift in Sources */ = {isa = PBXBuildFile; fileRef = 04828F0A2A2E497A007D019E /* FileDownloader.swift */; };
		04828F0D2A2E49DA007D019E /* DownloadProgressDelegate.swift in Sources */ = {isa = PBXBuildFile; fileRef = 04828F0C2A2E49DA007D019E /* DownloadProgressDelegate.swift */; };
		04828F132A309E4A007D019E /* YoutubeVideoRS.swift in Sources */ = {isa = PBXBuildFile; fileRef = 04828F122A309E4A007D019E /* YoutubeVideoRS.swift */; };
		04828F152A30BA98007D019E /* YoutubeVideoRQ.swift in Sources */ = {isa = PBXBuildFile; fileRef = 04828F142A30BA98007D019E /* YoutubeVideoRQ.swift */; };
		04828F172A30BF2D007D019E /* VideoYoutubeInformation.swift in Sources */ = {isa = PBXBuildFile; fileRef = 04828F162A30BF2D007D019E /* VideoYoutubeInformation.swift */; };
		04828F222A30EB1F007D019E /* QualityFormatCell.swift in Sources */ = {isa = PBXBuildFile; fileRef = 04828F202A30EB1F007D019E /* QualityFormatCell.swift */; };
		04828F232A30EB1F007D019E /* QualityFormatCell.xib in Resources */ = {isa = PBXBuildFile; fileRef = 04828F212A30EB1F007D019E /* QualityFormatCell.xib */; };
		049091602A2BDF9F00D6B693 /* AppDelegate.swift in Sources */ = {isa = PBXBuildFile; fileRef = 0490915F2A2BDF9F00D6B693 /* AppDelegate.swift */; };
		049091622A2BDF9F00D6B693 /* SceneDelegate.swift in Sources */ = {isa = PBXBuildFile; fileRef = 049091612A2BDF9F00D6B693 /* SceneDelegate.swift */; };
		0490916A2A2BDF9F00D6B693 /* VideoDownloader.xcdatamodeld in Sources */ = {isa = PBXBuildFile; fileRef = 049091682A2BDF9F00D6B693 /* VideoDownloader.xcdatamodeld */; };
		0490916C2A2BDFA300D6B693 /* Assets.xcassets in Resources */ = {isa = PBXBuildFile; fileRef = 0490916B2A2BDFA300D6B693 /* Assets.xcassets */; };
		0490916F2A2BDFA300D6B693 /* LaunchScreen.storyboard in Resources */ = {isa = PBXBuildFile; fileRef = 0490916D2A2BDFA300D6B693 /* LaunchScreen.storyboard */; };
		0490917A2A2BDFA300D6B693 /* VideoDownloaderTests.swift in Sources */ = {isa = PBXBuildFile; fileRef = 049091792A2BDFA300D6B693 /* VideoDownloaderTests.swift */; };
		049091842A2BDFA300D6B693 /* VideoDownloaderUITests.swift in Sources */ = {isa = PBXBuildFile; fileRef = 049091832A2BDFA300D6B693 /* VideoDownloaderUITests.swift */; };
		049091862A2BDFA300D6B693 /* VideoDownloaderUITestsLaunchTests.swift in Sources */ = {isa = PBXBuildFile; fileRef = 049091852A2BDFA300D6B693 /* VideoDownloaderUITestsLaunchTests.swift */; };
		049091952A2BE0FB00D6B693 /* HomeViewController.swift in Sources */ = {isa = PBXBuildFile; fileRef = 049091932A2BE0FB00D6B693 /* HomeViewController.swift */; };
		049091962A2BE0FB00D6B693 /* HomeViewController.xib in Resources */ = {isa = PBXBuildFile; fileRef = 049091942A2BE0FB00D6B693 /* HomeViewController.xib */; };
		049091982A2BE2B500D6B693 /* Presenter.swift in Sources */ = {isa = PBXBuildFile; fileRef = 049091972A2BE2B500D6B693 /* Presenter.swift */; };
		0490919A2A2BE2D900D6B693 /* Interactor.swift in Sources */ = {isa = PBXBuildFile; fileRef = 049091992A2BE2D900D6B693 /* Interactor.swift */; };
		0490919D2A2BE3D200D6B693 /* SearchFormViewModel.swift in Sources */ = {isa = PBXBuildFile; fileRef = 0490919C2A2BE3D200D6B693 /* SearchFormViewModel.swift */; };
		0490919F2A2BE48A00D6B693 /* VideoFoundResponse.swift in Sources */ = {isa = PBXBuildFile; fileRef = 0490919E2A2BE48A00D6B693 /* VideoFoundResponse.swift */; };
		049091A42A2C00A600D6B693 /* LoadingIndicator.swift in Sources */ = {isa = PBXBuildFile; fileRef = 049091A32A2C00A600D6B693 /* LoadingIndicator.swift */; };
		049091A72A2C05E000D6B693 /* NoVideoFoundUI.swift in Sources */ = {isa = PBXBuildFile; fileRef = 049091A62A2C05E000D6B693 /* NoVideoFoundUI.swift */; };
		049091A92A2C060900D6B693 /* NoVideoFoundUI.xib in Resources */ = {isa = PBXBuildFile; fileRef = 049091A82A2C060900D6B693 /* NoVideoFoundUI.xib */; };
		049091AB2A2C080600D6B693 /* ErrorUI.swift in Sources */ = {isa = PBXBuildFile; fileRef = 049091AA2A2C080600D6B693 /* ErrorUI.swift */; };
		049091AD2A2C083000D6B693 /* ErrorUI.xib in Resources */ = {isa = PBXBuildFile; fileRef = 049091AC2A2C082F00D6B693 /* ErrorUI.xib */; };
		049091B12A2C106400D6B693 /* VideoDownloadCell.swift in Sources */ = {isa = PBXBuildFile; fileRef = 049091AF2A2C106400D6B693 /* VideoDownloadCell.swift */; };
		049091B22A2C106400D6B693 /* VideoDownloadCell.xib in Resources */ = {isa = PBXBuildFile; fileRef = 049091B02A2C106400D6B693 /* VideoDownloadCell.xib */; };
		049091B52A2CAC4200D6B693 /* VideoViewController.swift in Sources */ = {isa = PBXBuildFile; fileRef = 049091B32A2CAC4200D6B693 /* VideoViewController.swift */; };
		049091B62A2CAC4200D6B693 /* VideoViewController.xib in Resources */ = {isa = PBXBuildFile; fileRef = 049091B42A2CAC4200D6B693 /* VideoViewController.xib */; };
		049091C12A2DF2A800D6B693 /* DownloadProgressBar.swift in Sources */ = {isa = PBXBuildFile; fileRef = 049091C02A2DF2A800D6B693 /* DownloadProgressBar.swift */; };
		049091C52A2DF87900D6B693 /* DownloadProgressBar.xib in Resources */ = {isa = PBXBuildFile; fileRef = 049091C42A2DF87900D6B693 /* DownloadProgressBar.xib */; };
		04F20F7F2A40A78600BB68F5 /* VideoDownloader.mp4 in Resources */ = {isa = PBXBuildFile; fileRef = 04F20F7E2A40A78600BB68F5 /* VideoDownloader.mp4 */; };
		04F20F882A41F49900BB68F5 /* Simulator Screen Shot - iPhone 14 Pro - 2023-06-19 at 16.15.39.png in Resources */ = {isa = PBXBuildFile; fileRef = 04F20F822A41F49900BB68F5 /* Simulator Screen Shot - iPhone 14 Pro - 2023-06-19 at 16.15.39.png */; };
		04F20F892A41F49900BB68F5 /* Simulator Screen Shot - iPhone 14 Pro - 2023-06-19 at 16.15.48.png in Resources */ = {isa = PBXBuildFile; fileRef = 04F20F832A41F49900BB68F5 /* Simulator Screen Shot - iPhone 14 Pro - 2023-06-19 at 16.15.48.png */; };
		04F20F8A2A41F49900BB68F5 /* Simulator Screen Shot - iPhone 14 Pro - 2023-06-20 at 15.50.01.png in Resources */ = {isa = PBXBuildFile; fileRef = 04F20F842A41F49900BB68F5 /* Simulator Screen Shot - iPhone 14 Pro - 2023-06-20 at 15.50.01.png */; };
		04F20F8B2A41F49900BB68F5 /* Simulator Screen Shot - iPhone 14 Pro - 2023-06-20 at 15.50.57.png in Resources */ = {isa = PBXBuildFile; fileRef = 04F20F852A41F49900BB68F5 /* Simulator Screen Shot - iPhone 14 Pro - 2023-06-20 at 15.50.57.png */; };
		04F20F8C2A41F49900BB68F5 /* Simulator Screen Shot - iPhone 14 Pro - 2023-06-19 at 16.15.26.png in Resources */ = {isa = PBXBuildFile; fileRef = 04F20F862A41F49900BB68F5 /* Simulator Screen Shot - iPhone 14 Pro - 2023-06-19 at 16.15.26.png */; };
		04F20F8D2A41F49900BB68F5 /* Simulator Screen Shot - iPhone 14 Pro - 2023-06-19 at 16.16.11.png in Resources */ = {isa = PBXBuildFile; fileRef = 04F20F872A41F49900BB68F5 /* Simulator Screen Shot - iPhone 14 Pro - 2023-06-19 at 16.16.11.png */; };
/* End PBXBuildFile section */

/* Begin PBXContainerItemProxy section */
		049091762A2BDFA300D6B693 /* PBXContainerItemProxy */ = {
			isa = PBXContainerItemProxy;
			containerPortal = 049091542A2BDF9F00D6B693 /* Project object */;
			proxyType = 1;
			remoteGlobalIDString = 0490915B2A2BDF9F00D6B693;
			remoteInfo = VideoDownloader;
		};
		049091802A2BDFA300D6B693 /* PBXContainerItemProxy */ = {
			isa = PBXContainerItemProxy;
			containerPortal = 049091542A2BDF9F00D6B693 /* Project object */;
			proxyType = 1;
			remoteGlobalIDString = 0490915B2A2BDF9F00D6B693;
			remoteInfo = VideoDownloader;
		};
/* End PBXContainerItemProxy section */

/* Begin PBXFileReference section */
		04828F0A2A2E497A007D019E /* FileDownloader.swift */ = {isa = PBXFileReference; lastKnownFileType = sourcecode.swift; path = FileDownloader.swift; sourceTree = "<group>"; };
		04828F0C2A2E49DA007D019E /* DownloadProgressDelegate.swift */ = {isa = PBXFileReference; lastKnownFileType = sourcecode.swift; path = DownloadProgressDelegate.swift; sourceTree = "<group>"; };
		04828F122A309E4A007D019E /* YoutubeVideoRS.swift */ = {isa = PBXFileReference; lastKnownFileType = sourcecode.swift; path = YoutubeVideoRS.swift; sourceTree = "<group>"; };
		04828F142A30BA98007D019E /* YoutubeVideoRQ.swift */ = {isa = PBXFileReference; lastKnownFileType = sourcecode.swift; path = YoutubeVideoRQ.swift; sourceTree = "<group>"; };
		04828F162A30BF2D007D019E /* VideoYoutubeInformation.swift */ = {isa = PBXFileReference; lastKnownFileType = sourcecode.swift; path = VideoYoutubeInformation.swift; sourceTree = "<group>"; };
		04828F202A30EB1F007D019E /* QualityFormatCell.swift */ = {isa = PBXFileReference; lastKnownFileType = sourcecode.swift; path = QualityFormatCell.swift; sourceTree = "<group>"; };
		04828F212A30EB1F007D019E /* QualityFormatCell.xib */ = {isa = PBXFileReference; lastKnownFileType = file.xib; path = QualityFormatCell.xib; sourceTree = "<group>"; };
		0490915C2A2BDF9F00D6B693 /* VideoDownloader.app */ = {isa = PBXFileReference; explicitFileType = wrapper.application; includeInIndex = 0; path = VideoDownloader.app; sourceTree = BUILT_PRODUCTS_DIR; };
		0490915F2A2BDF9F00D6B693 /* AppDelegate.swift */ = {isa = PBXFileReference; lastKnownFileType = sourcecode.swift; path = AppDelegate.swift; sourceTree = "<group>"; };
		049091612A2BDF9F00D6B693 /* SceneDelegate.swift */ = {isa = PBXFileReference; lastKnownFileType = sourcecode.swift; path = SceneDelegate.swift; sourceTree = "<group>"; };
		049091692A2BDF9F00D6B693 /* VideoDownloader.xcdatamodel */ = {isa = PBXFileReference; lastKnownFileType = wrapper.xcdatamodel; path = VideoDownloader.xcdatamodel; sourceTree = "<group>"; };
		0490916B2A2BDFA300D6B693 /* Assets.xcassets */ = {isa = PBXFileReference; lastKnownFileType = folder.assetcatalog; path = Assets.xcassets; sourceTree = "<group>"; };
		0490916E2A2BDFA300D6B693 /* Base */ = {isa = PBXFileReference; lastKnownFileType = file.storyboard; name = Base; path = Base.lproj/LaunchScreen.storyboard; sourceTree = "<group>"; };
		049091702A2BDFA300D6B693 /* Info.plist */ = {isa = PBXFileReference; lastKnownFileType = text.plist.xml; path = Info.plist; sourceTree = "<group>"; };
		049091752A2BDFA300D6B693 /* VideoDownloaderTests.xctest */ = {isa = PBXFileReference; explicitFileType = wrapper.cfbundle; includeInIndex = 0; path = VideoDownloaderTests.xctest; sourceTree = BUILT_PRODUCTS_DIR; };
		049091792A2BDFA300D6B693 /* VideoDownloaderTests.swift */ = {isa = PBXFileReference; lastKnownFileType = sourcecode.swift; path = VideoDownloaderTests.swift; sourceTree = "<group>"; };
		0490917F2A2BDFA300D6B693 /* VideoDownloaderUITests.xctest */ = {isa = PBXFileReference; explicitFileType = wrapper.cfbundle; includeInIndex = 0; path = VideoDownloaderUITests.xctest; sourceTree = BUILT_PRODUCTS_DIR; };
		049091832A2BDFA300D6B693 /* VideoDownloaderUITests.swift */ = {isa = PBXFileReference; lastKnownFileType = sourcecode.swift; path = VideoDownloaderUITests.swift; sourceTree = "<group>"; };
		049091852A2BDFA300D6B693 /* VideoDownloaderUITestsLaunchTests.swift */ = {isa = PBXFileReference; lastKnownFileType = sourcecode.swift; path = VideoDownloaderUITestsLaunchTests.swift; sourceTree = "<group>"; };
		049091932A2BE0FB00D6B693 /* HomeViewController.swift */ = {isa = PBXFileReference; lastKnownFileType = sourcecode.swift; path = HomeViewController.swift; sourceTree = "<group>"; };
		049091942A2BE0FB00D6B693 /* HomeViewController.xib */ = {isa = PBXFileReference; lastKnownFileType = file.xib; path = HomeViewController.xib; sourceTree = "<group>"; };
		049091972A2BE2B500D6B693 /* Presenter.swift */ = {isa = PBXFileReference; lastKnownFileType = sourcecode.swift; path = Presenter.swift; sourceTree = "<group>"; };
		049091992A2BE2D900D6B693 /* Interactor.swift */ = {isa = PBXFileReference; lastKnownFileType = sourcecode.swift; path = Interactor.swift; sourceTree = "<group>"; };
		0490919C2A2BE3D200D6B693 /* SearchFormViewModel.swift */ = {isa = PBXFileReference; lastKnownFileType = sourcecode.swift; path = SearchFormViewModel.swift; sourceTree = "<group>"; };
		0490919E2A2BE48A00D6B693 /* VideoFoundResponse.swift */ = {isa = PBXFileReference; lastKnownFileType = sourcecode.swift; path = VideoFoundResponse.swift; sourceTree = "<group>"; };
		049091A32A2C00A600D6B693 /* LoadingIndicator.swift */ = {isa = PBXFileReference; lastKnownFileType = sourcecode.swift; path = LoadingIndicator.swift; sourceTree = "<group>"; };
		049091A62A2C05E000D6B693 /* NoVideoFoundUI.swift */ = {isa = PBXFileReference; lastKnownFileType = sourcecode.swift; path = NoVideoFoundUI.swift; sourceTree = "<group>"; };
		049091A82A2C060900D6B693 /* NoVideoFoundUI.xib */ = {isa = PBXFileReference; lastKnownFileType = file.xib; path = NoVideoFoundUI.xib; sourceTree = "<group>"; };
		049091AA2A2C080600D6B693 /* ErrorUI.swift */ = {isa = PBXFileReference; lastKnownFileType = sourcecode.swift; path = ErrorUI.swift; sourceTree = "<group>"; };
		049091AC2A2C082F00D6B693 /* ErrorUI.xib */ = {isa = PBXFileReference; lastKnownFileType = file.xib; path = ErrorUI.xib; sourceTree = "<group>"; };
		049091AF2A2C106400D6B693 /* VideoDownloadCell.swift */ = {isa = PBXFileReference; lastKnownFileType = sourcecode.swift; path = VideoDownloadCell.swift; sourceTree = "<group>"; };
		049091B02A2C106400D6B693 /* VideoDownloadCell.xib */ = {isa = PBXFileReference; lastKnownFileType = file.xib; path = VideoDownloadCell.xib; sourceTree = "<group>"; };
		049091B32A2CAC4200D6B693 /* VideoViewController.swift */ = {isa = PBXFileReference; lastKnownFileType = sourcecode.swift; path = VideoViewController.swift; sourceTree = "<group>"; };
		049091B42A2CAC4200D6B693 /* VideoViewController.xib */ = {isa = PBXFileReference; lastKnownFileType = file.xib; path = VideoViewController.xib; sourceTree = "<group>"; };
		049091C02A2DF2A800D6B693 /* DownloadProgressBar.swift */ = {isa = PBXFileReference; lastKnownFileType = sourcecode.swift; path = DownloadProgressBar.swift; sourceTree = "<group>"; };
		049091C42A2DF87900D6B693 /* DownloadProgressBar.xib */ = {isa = PBXFileReference; lastKnownFileType = file.xib; path = DownloadProgressBar.xib; sourceTree = "<group>"; };
		04F20F7E2A40A78600BB68F5 /* VideoDownloader.mp4 */ = {isa = PBXFileReference; lastKnownFileType = file; path = VideoDownloader.mp4; sourceTree = "<group>"; };
		04F20F822A41F49900BB68F5 /* Simulator Screen Shot - iPhone 14 Pro - 2023-06-19 at 16.15.39.png */ = {isa = PBXFileReference; lastKnownFileType = image.png; path = "Simulator Screen Shot - iPhone 14 Pro - 2023-06-19 at 16.15.39.png"; sourceTree = "<group>"; };
		04F20F832A41F49900BB68F5 /* Simulator Screen Shot - iPhone 14 Pro - 2023-06-19 at 16.15.48.png */ = {isa = PBXFileReference; lastKnownFileType = image.png; path = "Simulator Screen Shot - iPhone 14 Pro - 2023-06-19 at 16.15.48.png"; sourceTree = "<group>"; };
		04F20F842A41F49900BB68F5 /* Simulator Screen Shot - iPhone 14 Pro - 2023-06-20 at 15.50.01.png */ = {isa = PBXFileReference; lastKnownFileType = image.png; path = "Simulator Screen Shot - iPhone 14 Pro - 2023-06-20 at 15.50.01.png"; sourceTree = "<group>"; };
		04F20F852A41F49900BB68F5 /* Simulator Screen Shot - iPhone 14 Pro - 2023-06-20 at 15.50.57.png */ = {isa = PBXFileReference; lastKnownFileType = image.png; path = "Simulator Screen Shot - iPhone 14 Pro - 2023-06-20 at 15.50.57.png"; sourceTree = "<group>"; };
		04F20F862A41F49900BB68F5 /* Simulator Screen Shot - iPhone 14 Pro - 2023-06-19 at 16.15.26.png */ = {isa = PBXFileReference; lastKnownFileType = image.png; path = "Simulator Screen Shot - iPhone 14 Pro - 2023-06-19 at 16.15.26.png"; sourceTree = "<group>"; };
		04F20F872A41F49900BB68F5 /* Simulator Screen Shot - iPhone 14 Pro - 2023-06-19 at 16.16.11.png */ = {isa = PBXFileReference; lastKnownFileType = image.png; path = "Simulator Screen Shot - iPhone 14 Pro - 2023-06-19 at 16.16.11.png"; sourceTree = "<group>"; };
/* End PBXFileReference section */

/* Begin PBXFrameworksBuildPhase section */
		049091592A2BDF9F00D6B693 /* Frameworks */ = {
			isa = PBXFrameworksBuildPhase;
			buildActionMask = 2147483647;
			files = (
			);
			runOnlyForDeploymentPostprocessing = 0;
		};
		049091722A2BDFA300D6B693 /* Frameworks */ = {
			isa = PBXFrameworksBuildPhase;
			buildActionMask = 2147483647;
			files = (
			);
			runOnlyForDeploymentPostprocessing = 0;
		};
		0490917C2A2BDFA300D6B693 /* Frameworks */ = {
			isa = PBXFrameworksBuildPhase;
			buildActionMask = 2147483647;
			files = (
			);
			runOnlyForDeploymentPostprocessing = 0;
		};
/* End PBXFrameworksBuildPhase section */

/* Begin PBXGroup section */
		04828F092A2E4933007D019E /* Utils */ = {
			isa = PBXGroup;
			children = (
				04828F0A2A2E497A007D019E /* FileDownloader.swift */,
			);
			path = Utils;
			sourceTree = "<group>";
		};
		04828F0E2A2E49EB007D019E /* Delegates */ = {
			isa = PBXGroup;
			children = (
				04828F0C2A2E49DA007D019E /* DownloadProgressDelegate.swift */,
			);
			path = Delegates;
			sourceTree = "<group>";
		};
		04828F112A309E23007D019E /* APIModels */ = {
			isa = PBXGroup;
			children = (
				04828F122A309E4A007D019E /* YoutubeVideoRS.swift */,
				04828F142A30BA98007D019E /* YoutubeVideoRQ.swift */,
			);
			path = APIModels;
			sourceTree = "<group>";
		};
		0482912D2A376A79007D019E /* Views */ = {
			isa = PBXGroup;
			children = (
				049091932A2BE0FB00D6B693 /* HomeViewController.swift */,
				049091B32A2CAC4200D6B693 /* VideoViewController.swift */,
				049091942A2BE0FB00D6B693 /* HomeViewController.xib */,
				049091B42A2CAC4200D6B693 /* VideoViewController.xib */,
			);
			path = Views;
			sourceTree = "<group>";
		};
		049091532A2BDF9F00D6B693 = {
			isa = PBXGroup;
			children = (
				04F20F7D2A40A76D00BB68F5 /* Ressources */,
				0490915E2A2BDF9F00D6B693 /* VideoDownloader */,
				049091782A2BDFA300D6B693 /* VideoDownloaderTests */,
				049091822A2BDFA300D6B693 /* VideoDownloaderUITests */,
				0490915D2A2BDF9F00D6B693 /* Products */,
			);
			sourceTree = "<group>";
		};
		0490915D2A2BDF9F00D6B693 /* Products */ = {
			isa = PBXGroup;
			children = (
				0490915C2A2BDF9F00D6B693 /* VideoDownloader.app */,
				049091752A2BDFA300D6B693 /* VideoDownloaderTests.xctest */,
				0490917F2A2BDFA300D6B693 /* VideoDownloaderUITests.xctest */,
			);
			name = Products;
			sourceTree = "<group>";
		};
		0490915E2A2BDF9F00D6B693 /* VideoDownloader */ = {
			isa = PBXGroup;
			children = (
				0482912D2A376A79007D019E /* Views */,
				04828F112A309E23007D019E /* APIModels */,
				04828F0E2A2E49EB007D019E /* Delegates */,
				04828F092A2E4933007D019E /* Utils */,
				049091A22A2C007800D6B693 /* Components */,
				049091A12A2BE4DA00D6B693 /* Interactors */,
				049091A02A2BE4CD00D6B693 /* Presenters */,
				0490919B2A2BE33B00D6B693 /* ViewModels */,
				0490915F2A2BDF9F00D6B693 /* AppDelegate.swift */,
				049091612A2BDF9F00D6B693 /* SceneDelegate.swift */,
				0490916B2A2BDFA300D6B693 /* Assets.xcassets */,
				0490916D2A2BDFA300D6B693 /* LaunchScreen.storyboard */,
				049091702A2BDFA300D6B693 /* Info.plist */,
				049091682A2BDF9F00D6B693 /* VideoDownloader.xcdatamodeld */,
			);
			path = VideoDownloader;
			sourceTree = "<group>";
		};
		049091782A2BDFA300D6B693 /* VideoDownloaderTests */ = {
			isa = PBXGroup;
			children = (
				049091792A2BDFA300D6B693 /* VideoDownloaderTests.swift */,
			);
			path = VideoDownloaderTests;
			sourceTree = "<group>";
		};
		049091822A2BDFA300D6B693 /* VideoDownloaderUITests */ = {
			isa = PBXGroup;
			children = (
				049091832A2BDFA300D6B693 /* VideoDownloaderUITests.swift */,
				049091852A2BDFA300D6B693 /* VideoDownloaderUITestsLaunchTests.swift */,
			);
			path = VideoDownloaderUITests;
			sourceTree = "<group>";
		};
		0490919B2A2BE33B00D6B693 /* ViewModels */ = {
			isa = PBXGroup;
			children = (
				0490919C2A2BE3D200D6B693 /* SearchFormViewModel.swift */,
				0490919E2A2BE48A00D6B693 /* VideoFoundResponse.swift */,
				04828F162A30BF2D007D019E /* VideoYoutubeInformation.swift */,
			);
			path = ViewModels;
			sourceTree = "<group>";
		};
		049091A02A2BE4CD00D6B693 /* Presenters */ = {
			isa = PBXGroup;
			children = (
				049091972A2BE2B500D6B693 /* Presenter.swift */,
			);
			path = Presenters;
			sourceTree = "<group>";
		};
		049091A12A2BE4DA00D6B693 /* Interactors */ = {
			isa = PBXGroup;
			children = (
				049091992A2BE2D900D6B693 /* Interactor.swift */,
			);
			path = Interactors;
			sourceTree = "<group>";
		};
		049091A22A2C007800D6B693 /* Components */ = {
			isa = PBXGroup;
			children = (
				049091C02A2DF2A800D6B693 /* DownloadProgressBar.swift */,
				049091A32A2C00A600D6B693 /* LoadingIndicator.swift */,
				049091A62A2C05E000D6B693 /* NoVideoFoundUI.swift */,
				049091AF2A2C106400D6B693 /* VideoDownloadCell.swift */,
				04828F202A30EB1F007D019E /* QualityFormatCell.swift */,
				049091AA2A2C080600D6B693 /* ErrorUI.swift */,
				049091A82A2C060900D6B693 /* NoVideoFoundUI.xib */,
				049091AC2A2C082F00D6B693 /* ErrorUI.xib */,
				049091B02A2C106400D6B693 /* VideoDownloadCell.xib */,
				049091C42A2DF87900D6B693 /* DownloadProgressBar.xib */,
				04828F212A30EB1F007D019E /* QualityFormatCell.xib */,
			);
			path = Components;
			sourceTree = "<group>";
		};
		04F20F7D2A40A76D00BB68F5 /* Ressources */ = {
			isa = PBXGroup;
			children = (
				04F20F812A41F46B00BB68F5 /* images */,
				04F20F7E2A40A78600BB68F5 /* VideoDownloader.mp4 */,
			);
			path = Ressources;
			sourceTree = "<group>";
		};
		04F20F812A41F46B00BB68F5 /* images */ = {
			isa = PBXGroup;
			children = (
				04F20F862A41F49900BB68F5 /* Simulator Screen Shot - iPhone 14 Pro - 2023-06-19 at 16.15.26.png */,
				04F20F822A41F49900BB68F5 /* Simulator Screen Shot - iPhone 14 Pro - 2023-06-19 at 16.15.39.png */,
				04F20F832A41F49900BB68F5 /* Simulator Screen Shot - iPhone 14 Pro - 2023-06-19 at 16.15.48.png */,
				04F20F872A41F49900BB68F5 /* Simulator Screen Shot - iPhone 14 Pro - 2023-06-19 at 16.16.11.png */,
				04F20F842A41F49900BB68F5 /* Simulator Screen Shot - iPhone 14 Pro - 2023-06-20 at 15.50.01.png */,
				04F20F852A41F49900BB68F5 /* Simulator Screen Shot - iPhone 14 Pro - 2023-06-20 at 15.50.57.png */,
			);
			path = images;
			sourceTree = "<group>";
		};
/* End PBXGroup section */

/* Begin PBXNativeTarget section */
		0490915B2A2BDF9F00D6B693 /* VideoDownloader */ = {
			isa = PBXNativeTarget;
			buildConfigurationList = 049091892A2BDFA300D6B693 /* Build configuration list for PBXNativeTarget "VideoDownloader" */;
			buildPhases = (
				049091582A2BDF9F00D6B693 /* Sources */,
				049091592A2BDF9F00D6B693 /* Frameworks */,
				0490915A2A2BDF9F00D6B693 /* Resources */,
			);
			buildRules = (
			);
			dependencies = (
			);
			name = VideoDownloader;
			productName = VideoDownloader;
			productReference = 0490915C2A2BDF9F00D6B693 /* VideoDownloader.app */;
			productType = "com.apple.product-type.application";
		};
		049091742A2BDFA300D6B693 /* VideoDownloaderTests */ = {
			isa = PBXNativeTarget;
			buildConfigurationList = 0490918C2A2BDFA300D6B693 /* Build configuration list for PBXNativeTarget "VideoDownloaderTests" */;
			buildPhases = (
				049091712A2BDFA300D6B693 /* Sources */,
				049091722A2BDFA300D6B693 /* Frameworks */,
				049091732A2BDFA300D6B693 /* Resources */,
			);
			buildRules = (
			);
			dependencies = (
				049091772A2BDFA300D6B693 /* PBXTargetDependency */,
			);
			name = VideoDownloaderTests;
			productName = VideoDownloaderTests;
			productReference = 049091752A2BDFA300D6B693 /* VideoDownloaderTests.xctest */;
			productType = "com.apple.product-type.bundle.unit-test";
		};
		0490917E2A2BDFA300D6B693 /* VideoDownloaderUITests */ = {
			isa = PBXNativeTarget;
			buildConfigurationList = 0490918F2A2BDFA300D6B693 /* Build configuration list for PBXNativeTarget "VideoDownloaderUITests" */;
			buildPhases = (
				0490917B2A2BDFA300D6B693 /* Sources */,
				0490917C2A2BDFA300D6B693 /* Frameworks */,
				0490917D2A2BDFA300D6B693 /* Resources */,
			);
			buildRules = (
			);
			dependencies = (
				049091812A2BDFA300D6B693 /* PBXTargetDependency */,
			);
			name = VideoDownloaderUITests;
			productName = VideoDownloaderUITests;
			productReference = 0490917F2A2BDFA300D6B693 /* VideoDownloaderUITests.xctest */;
			productType = "com.apple.product-type.bundle.ui-testing";
		};
/* End PBXNativeTarget section */

/* Begin PBXProject section */
		049091542A2BDF9F00D6B693 /* Project object */ = {
			isa = PBXProject;
			attributes = {
				BuildIndependentTargetsInParallel = 1;
				LastSwiftUpdateCheck = 1420;
				LastUpgradeCheck = 1420;
				TargetAttributes = {
					0490915B2A2BDF9F00D6B693 = {
						CreatedOnToolsVersion = 14.2;
					};
					049091742A2BDFA300D6B693 = {
						CreatedOnToolsVersion = 14.2;
						TestTargetID = 0490915B2A2BDF9F00D6B693;
					};
					0490917E2A2BDFA300D6B693 = {
						CreatedOnToolsVersion = 14.2;
						TestTargetID = 0490915B2A2BDF9F00D6B693;
					};
				};
			};
			buildConfigurationList = 049091572A2BDF9F00D6B693 /* Build configuration list for PBXProject "VideoDownloader" */;
			compatibilityVersion = "Xcode 14.0";
			developmentRegion = en;
			hasScannedForEncodings = 0;
			knownRegions = (
				en,
				Base,
			);
			mainGroup = 049091532A2BDF9F00D6B693;
			productRefGroup = 0490915D2A2BDF9F00D6B693 /* Products */;
			projectDirPath = "";
			projectRoot = "";
			targets = (
				0490915B2A2BDF9F00D6B693 /* VideoDownloader */,
				049091742A2BDFA300D6B693 /* VideoDownloaderTests */,
				0490917E2A2BDFA300D6B693 /* VideoDownloaderUITests */,
			);
		};
/* End PBXProject section */

/* Begin PBXResourcesBuildPhase section */
		0490915A2A2BDF9F00D6B693 /* Resources */ = {
			isa = PBXResourcesBuildPhase;
			buildActionMask = 2147483647;
			files = (
				0490916F2A2BDFA300D6B693 /* LaunchScreen.storyboard in Resources */,
				04F20F8A2A41F49900BB68F5 /* Simulator Screen Shot - iPhone 14 Pro - 2023-06-20 at 15.50.01.png in Resources */,
				049091B62A2CAC4200D6B693 /* VideoViewController.xib in Resources */,
				049091C52A2DF87900D6B693 /* DownloadProgressBar.xib in Resources */,
				049091B22A2C106400D6B693 /* VideoDownloadCell.xib in Resources */,
				04F20F7F2A40A78600BB68F5 /* VideoDownloader.mp4 in Resources */,
				04F20F892A41F49900BB68F5 /* Simulator Screen Shot - iPhone 14 Pro - 2023-06-19 at 16.15.48.png in Resources */,
				0490916C2A2BDFA300D6B693 /* Assets.xcassets in Resources */,
				04F20F8D2A41F49900BB68F5 /* Simulator Screen Shot - iPhone 14 Pro - 2023-06-19 at 16.16.11.png in Resources */,
				04F20F882A41F49900BB68F5 /* Simulator Screen Shot - iPhone 14 Pro - 2023-06-19 at 16.15.39.png in Resources */,
				049091962A2BE0FB00D6B693 /* HomeViewController.xib in Resources */,
				049091AD2A2C083000D6B693 /* ErrorUI.xib in Resources */,
				04F20F8B2A41F49900BB68F5 /* Simulator Screen Shot - iPhone 14 Pro - 2023-06-20 at 15.50.57.png in Resources */,
				049091A92A2C060900D6B693 /* NoVideoFoundUI.xib in Resources */,
				04828F232A30EB1F007D019E /* QualityFormatCell.xib in Resources */,
				04F20F8C2A41F49900BB68F5 /* Simulator Screen Shot - iPhone 14 Pro - 2023-06-19 at 16.15.26.png in Resources */,
			);
			runOnlyForDeploymentPostprocessing = 0;
		};
		049091732A2BDFA300D6B693 /* Resources */ = {
			isa = PBXResourcesBuildPhase;
			buildActionMask = 2147483647;
			files = (
			);
			runOnlyForDeploymentPostprocessing = 0;
		};
		0490917D2A2BDFA300D6B693 /* Resources */ = {
			isa = PBXResourcesBuildPhase;
			buildActionMask = 2147483647;
			files = (
			);
			runOnlyForDeploymentPostprocessing = 0;
		};
/* End PBXResourcesBuildPhase section */

/* Begin PBXSourcesBuildPhase section */
		049091582A2BDF9F00D6B693 /* Sources */ = {
			isa = PBXSourcesBuildPhase;
			buildActionMask = 2147483647;
			files = (
				049091A42A2C00A600D6B693 /* LoadingIndicator.swift in Sources */,
				0490919A2A2BE2D900D6B693 /* Interactor.swift in Sources */,
				049091AB2A2C080600D6B693 /* ErrorUI.swift in Sources */,
				04828F172A30BF2D007D019E /* VideoYoutubeInformation.swift in Sources */,
				049091602A2BDF9F00D6B693 /* AppDelegate.swift in Sources */,
				0490916A2A2BDF9F00D6B693 /* VideoDownloader.xcdatamodeld in Sources */,
				049091B52A2CAC4200D6B693 /* VideoViewController.swift in Sources */,
				049091B12A2C106400D6B693 /* VideoDownloadCell.swift in Sources */,
				04828F222A30EB1F007D019E /* QualityFormatCell.swift in Sources */,
				049091622A2BDF9F00D6B693 /* SceneDelegate.swift in Sources */,
				04828F0D2A2E49DA007D019E /* DownloadProgressDelegate.swift in Sources */,
				049091A72A2C05E000D6B693 /* NoVideoFoundUI.swift in Sources */,
				04828F0B2A2E497A007D019E /* FileDownloader.swift in Sources */,
				049091952A2BE0FB00D6B693 /* HomeViewController.swift in Sources */,
				049091C12A2DF2A800D6B693 /* DownloadProgressBar.swift in Sources */,
				0490919F2A2BE48A00D6B693 /* VideoFoundResponse.swift in Sources */,
				04828F152A30BA98007D019E /* YoutubeVideoRQ.swift in Sources */,
				0490919D2A2BE3D200D6B693 /* SearchFormViewModel.swift in Sources */,
				049091982A2BE2B500D6B693 /* Presenter.swift in Sources */,
				04828F132A309E4A007D019E /* YoutubeVideoRS.swift in Sources */,
			);
			runOnlyForDeploymentPostprocessing = 0;
		};
		049091712A2BDFA300D6B693 /* Sources */ = {
			isa = PBXSourcesBuildPhase;
			buildActionMask = 2147483647;
			files = (
				0490917A2A2BDFA300D6B693 /* VideoDownloaderTests.swift in Sources */,
			);
			runOnlyForDeploymentPostprocessing = 0;
		};
		0490917B2A2BDFA300D6B693 /* Sources */ = {
			isa = PBXSourcesBuildPhase;
			buildActionMask = 2147483647;
			files = (
				049091842A2BDFA300D6B693 /* VideoDownloaderUITests.swift in Sources */,
				049091862A2BDFA300D6B693 /* VideoDownloaderUITestsLaunchTests.swift in Sources */,
			);
			runOnlyForDeploymentPostprocessing = 0;
		};
/* End PBXSourcesBuildPhase section */

/* Begin PBXTargetDependency section */
		049091772A2BDFA300D6B693 /* PBXTargetDependency */ = {
			isa = PBXTargetDependency;
			target = 0490915B2A2BDF9F00D6B693 /* VideoDownloader */;
			targetProxy = 049091762A2BDFA300D6B693 /* PBXContainerItemProxy */;
		};
		049091812A2BDFA300D6B693 /* PBXTargetDependency */ = {
			isa = PBXTargetDependency;
			target = 0490915B2A2BDF9F00D6B693 /* VideoDownloader */;
			targetProxy = 049091802A2BDFA300D6B693 /* PBXContainerItemProxy */;
		};
/* End PBXTargetDependency section */

/* Begin PBXVariantGroup section */
		0490916D2A2BDFA300D6B693 /* LaunchScreen.storyboard */ = {
			isa = PBXVariantGroup;
			children = (
				0490916E2A2BDFA300D6B693 /* Base */,
			);
			name = LaunchScreen.storyboard;
			sourceTree = "<group>";
		};
/* End PBXVariantGroup section */

/* Begin XCBuildConfiguration section */
		049091872A2BDFA300D6B693 /* Debug */ = {
			isa = XCBuildConfiguration;
			buildSettings = {
				ALWAYS_SEARCH_USER_PATHS = NO;
				CLANG_ANALYZER_NONNULL = YES;
				CLANG_ANALYZER_NUMBER_OBJECT_CONVERSION = YES_AGGRESSIVE;
				CLANG_CXX_LANGUAGE_STANDARD = "gnu++20";
				CLANG_ENABLE_MODULES = YES;
				CLANG_ENABLE_OBJC_ARC = YES;
				CLANG_ENABLE_OBJC_WEAK = YES;
				CLANG_WARN_BLOCK_CAPTURE_AUTORELEASING = YES;
				CLANG_WARN_BOOL_CONVERSION = YES;
				CLANG_WARN_COMMA = YES;
				CLANG_WARN_CONSTANT_CONVERSION = YES;
				CLANG_WARN_DEPRECATED_OBJC_IMPLEMENTATIONS = YES;
				CLANG_WARN_DIRECT_OBJC_ISA_USAGE = YES_ERROR;
				CLANG_WARN_DOCUMENTATION_COMMENTS = YES;
				CLANG_WARN_EMPTY_BODY = YES;
				CLANG_WARN_ENUM_CONVERSION = YES;
				CLANG_WARN_INFINITE_RECURSION = YES;
				CLANG_WARN_INT_CONVERSION = YES;
				CLANG_WARN_NON_LITERAL_NULL_CONVERSION = YES;
				CLANG_WARN_OBJC_IMPLICIT_RETAIN_SELF = YES;
				CLANG_WARN_OBJC_LITERAL_CONVERSION = YES;
				CLANG_WARN_OBJC_ROOT_CLASS = YES_ERROR;
				CLANG_WARN_QUOTED_INCLUDE_IN_FRAMEWORK_HEADER = YES;
				CLANG_WARN_RANGE_LOOP_ANALYSIS = YES;
				CLANG_WARN_STRICT_PROTOTYPES = YES;
				CLANG_WARN_SUSPICIOUS_MOVE = YES;
				CLANG_WARN_UNGUARDED_AVAILABILITY = YES_AGGRESSIVE;
				CLANG_WARN_UNREACHABLE_CODE = YES;
				CLANG_WARN__DUPLICATE_METHOD_MATCH = YES;
				COPY_PHASE_STRIP = NO;
				DEBUG_INFORMATION_FORMAT = dwarf;
				ENABLE_STRICT_OBJC_MSGSEND = YES;
				ENABLE_TESTABILITY = YES;
				GCC_C_LANGUAGE_STANDARD = gnu11;
				GCC_DYNAMIC_NO_PIC = NO;
				GCC_NO_COMMON_BLOCKS = YES;
				GCC_OPTIMIZATION_LEVEL = 0;
				GCC_PREPROCESSOR_DEFINITIONS = (
					"DEBUG=1",
					"$(inherited)",
				);
				GCC_WARN_64_TO_32_BIT_CONVERSION = YES;
				GCC_WARN_ABOUT_RETURN_TYPE = YES_ERROR;
				GCC_WARN_UNDECLARED_SELECTOR = YES;
				GCC_WARN_UNINITIALIZED_AUTOS = YES_AGGRESSIVE;
				GCC_WARN_UNUSED_FUNCTION = YES;
				GCC_WARN_UNUSED_VARIABLE = YES;
				IPHONEOS_DEPLOYMENT_TARGET = 16.2;
				MTL_ENABLE_DEBUG_INFO = INCLUDE_SOURCE;
				MTL_FAST_MATH = YES;
				ONLY_ACTIVE_ARCH = YES;
				SDKROOT = iphoneos;
				SWIFT_ACTIVE_COMPILATION_CONDITIONS = DEBUG;
				SWIFT_OPTIMIZATION_LEVEL = "-Onone";
			};
			name = Debug;
		};
		049091882A2BDFA300D6B693 /* Release */ = {
			isa = XCBuildConfiguration;
			buildSettings = {
				ALWAYS_SEARCH_USER_PATHS = NO;
				CLANG_ANALYZER_NONNULL = YES;
				CLANG_ANALYZER_NUMBER_OBJECT_CONVERSION = YES_AGGRESSIVE;
				CLANG_CXX_LANGUAGE_STANDARD = "gnu++20";
				CLANG_ENABLE_MODULES = YES;
				CLANG_ENABLE_OBJC_ARC = YES;
				CLANG_ENABLE_OBJC_WEAK = YES;
				CLANG_WARN_BLOCK_CAPTURE_AUTORELEASING = YES;
				CLANG_WARN_BOOL_CONVERSION = YES;
				CLANG_WARN_COMMA = YES;
				CLANG_WARN_CONSTANT_CONVERSION = YES;
				CLANG_WARN_DEPRECATED_OBJC_IMPLEMENTATIONS = YES;
				CLANG_WARN_DIRECT_OBJC_ISA_USAGE = YES_ERROR;
				CLANG_WARN_DOCUMENTATION_COMMENTS = YES;
				CLANG_WARN_EMPTY_BODY = YES;
				CLANG_WARN_ENUM_CONVERSION = YES;
				CLANG_WARN_INFINITE_RECURSION = YES;
				CLANG_WARN_INT_CONVERSION = YES;
				CLANG_WARN_NON_LITERAL_NULL_CONVERSION = YES;
				CLANG_WARN_OBJC_IMPLICIT_RETAIN_SELF = YES;
				CLANG_WARN_OBJC_LITERAL_CONVERSION = YES;
				CLANG_WARN_OBJC_ROOT_CLASS = YES_ERROR;
				CLANG_WARN_QUOTED_INCLUDE_IN_FRAMEWORK_HEADER = YES;
				CLANG_WARN_RANGE_LOOP_ANALYSIS = YES;
				CLANG_WARN_STRICT_PROTOTYPES = YES;
				CLANG_WARN_SUSPICIOUS_MOVE = YES;
				CLANG_WARN_UNGUARDED_AVAILABILITY = YES_AGGRESSIVE;
				CLANG_WARN_UNREACHABLE_CODE = YES;
				CLANG_WARN__DUPLICATE_METHOD_MATCH = YES;
				COPY_PHASE_STRIP = NO;
				DEBUG_INFORMATION_FORMAT = "dwarf-with-dsym";
				ENABLE_NS_ASSERTIONS = NO;
				ENABLE_STRICT_OBJC_MSGSEND = YES;
				GCC_C_LANGUAGE_STANDARD = gnu11;
				GCC_NO_COMMON_BLOCKS = YES;
				GCC_WARN_64_TO_32_BIT_CONVERSION = YES;
				GCC_WARN_ABOUT_RETURN_TYPE = YES_ERROR;
				GCC_WARN_UNDECLARED_SELECTOR = YES;
				GCC_WARN_UNINITIALIZED_AUTOS = YES_AGGRESSIVE;
				GCC_WARN_UNUSED_FUNCTION = YES;
				GCC_WARN_UNUSED_VARIABLE = YES;
				IPHONEOS_DEPLOYMENT_TARGET = 16.2;
				MTL_ENABLE_DEBUG_INFO = NO;
				MTL_FAST_MATH = YES;
				SDKROOT = iphoneos;
				SWIFT_COMPILATION_MODE = wholemodule;
				SWIFT_OPTIMIZATION_LEVEL = "-O";
				VALIDATE_PRODUCT = YES;
			};
			name = Release;
		};
		0490918A2A2BDFA300D6B693 /* Debug */ = {
			isa = XCBuildConfiguration;
			buildSettings = {
				ASSETCATALOG_COMPILER_APPICON_NAME = AppIcon;
				ASSETCATALOG_COMPILER_GLOBAL_ACCENT_COLOR_NAME = AccentColor;
				CODE_SIGN_STYLE = Automatic;
				CURRENT_PROJECT_VERSION = 1;
				GENERATE_INFOPLIST_FILE = YES;
				INFOPLIST_FILE = VideoDownloader/Info.plist;
				INFOPLIST_KEY_UIApplicationSupportsIndirectInputEvents = YES;
				INFOPLIST_KEY_UILaunchStoryboardName = LaunchScreen;
				INFOPLIST_KEY_UISupportedInterfaceOrientations_iPad = "UIInterfaceOrientationPortrait UIInterfaceOrientationPortraitUpsideDown UIInterfaceOrientationLandscapeLeft UIInterfaceOrientationLandscapeRight";
				INFOPLIST_KEY_UISupportedInterfaceOrientations_iPhone = "UIInterfaceOrientationPortrait UIInterfaceOrientationLandscapeLeft UIInterfaceOrientationLandscapeRight";
				LD_RUNPATH_SEARCH_PATHS = (
					"$(inherited)",
					"@executable_path/Frameworks",
				);
				MARKETING_VERSION = 1.0;
				PRODUCT_BUNDLE_IDENTIFIER = "com.swiftui-starting.VideoDownloader";
				PRODUCT_NAME = "$(TARGET_NAME)";
				SWIFT_EMIT_LOC_STRINGS = YES;
				SWIFT_VERSION = 5.0;
				TARGETED_DEVICE_FAMILY = "1,2";
			};
			name = Debug;
		};
		0490918B2A2BDFA300D6B693 /* Release */ = {
			isa = XCBuildConfiguration;
			buildSettings = {
				ASSETCATALOG_COMPILER_APPICON_NAME = AppIcon;
				ASSETCATALOG_COMPILER_GLOBAL_ACCENT_COLOR_NAME = AccentColor;
				CODE_SIGN_STYLE = Automatic;
				CURRENT_PROJECT_VERSION = 1;
				GENERATE_INFOPLIST_FILE = YES;
				INFOPLIST_FILE = VideoDownloader/Info.plist;
				INFOPLIST_KEY_UIApplicationSupportsIndirectInputEvents = YES;
				INFOPLIST_KEY_UILaunchStoryboardName = LaunchScreen;
				INFOPLIST_KEY_UISupportedInterfaceOrientations_iPad = "UIInterfaceOrientationPortrait UIInterfaceOrientationPortraitUpsideDown UIInterfaceOrientationLandscapeLeft UIInterfaceOrientationLandscapeRight";
				INFOPLIST_KEY_UISupportedInterfaceOrientations_iPhone = "UIInterfaceOrientationPortrait UIInterfaceOrientationLandscapeLeft UIInterfaceOrientationLandscapeRight";
				LD_RUNPATH_SEARCH_PATHS = (
					"$(inherited)",
					"@executable_path/Frameworks",
				);
				MARKETING_VERSION = 1.0;
				PRODUCT_BUNDLE_IDENTIFIER = "com.swiftui-starting.VideoDownloader";
				PRODUCT_NAME = "$(TARGET_NAME)";
				SWIFT_EMIT_LOC_STRINGS = YES;
				SWIFT_VERSION = 5.0;
				TARGETED_DEVICE_FAMILY = "1,2";
			};
			name = Release;
		};
		0490918D2A2BDFA300D6B693 /* Debug */ = {
			isa = XCBuildConfiguration;
			buildSettings = {
				ALWAYS_EMBED_SWIFT_STANDARD_LIBRARIES = YES;
				BUNDLE_LOADER = "$(TEST_HOST)";
				CODE_SIGN_STYLE = Automatic;
				CURRENT_PROJECT_VERSION = 1;
				GENERATE_INFOPLIST_FILE = YES;
				IPHONEOS_DEPLOYMENT_TARGET = 16.2;
				MARKETING_VERSION = 1.0;
				PRODUCT_BUNDLE_IDENTIFIER = "com.swiftui-starting.VideoDownloaderTests";
				PRODUCT_NAME = "$(TARGET_NAME)";
				SWIFT_EMIT_LOC_STRINGS = NO;
				SWIFT_VERSION = 5.0;
				TARGETED_DEVICE_FAMILY = "1,2";
				TEST_HOST = "$(BUILT_PRODUCTS_DIR)/VideoDownloader.app/$(BUNDLE_EXECUTABLE_FOLDER_PATH)/VideoDownloader";
			};
			name = Debug;
		};
		0490918E2A2BDFA300D6B693 /* Release */ = {
			isa = XCBuildConfiguration;
			buildSettings = {
				ALWAYS_EMBED_SWIFT_STANDARD_LIBRARIES = YES;
				BUNDLE_LOADER = "$(TEST_HOST)";
				CODE_SIGN_STYLE = Automatic;
				CURRENT_PROJECT_VERSION = 1;
				GENERATE_INFOPLIST_FILE = YES;
				IPHONEOS_DEPLOYMENT_TARGET = 16.2;
				MARKETING_VERSION = 1.0;
				PRODUCT_BUNDLE_IDENTIFIER = "com.swiftui-starting.VideoDownloaderTests";
				PRODUCT_NAME = "$(TARGET_NAME)";
				SWIFT_EMIT_LOC_STRINGS = NO;
				SWIFT_VERSION = 5.0;
				TARGETED_DEVICE_FAMILY = "1,2";
				TEST_HOST = "$(BUILT_PRODUCTS_DIR)/VideoDownloader.app/$(BUNDLE_EXECUTABLE_FOLDER_PATH)/VideoDownloader";
			};
			name = Release;
		};
		049091902A2BDFA300D6B693 /* Debug */ = {
			isa = XCBuildConfiguration;
			buildSettings = {
				ALWAYS_EMBED_SWIFT_STANDARD_LIBRARIES = YES;
				CODE_SIGN_STYLE = Automatic;
				CURRENT_PROJECT_VERSION = 1;
				GENERATE_INFOPLIST_FILE = YES;
				MARKETING_VERSION = 1.0;
				PRODUCT_BUNDLE_IDENTIFIER = "com.swiftui-starting.VideoDownloaderUITests";
				PRODUCT_NAME = "$(TARGET_NAME)";
				SWIFT_EMIT_LOC_STRINGS = NO;
				SWIFT_VERSION = 5.0;
				TARGETED_DEVICE_FAMILY = "1,2";
				TEST_TARGET_NAME = VideoDownloader;
			};
			name = Debug;
		};
		049091912A2BDFA300D6B693 /* Release */ = {
			isa = XCBuildConfiguration;
			buildSettings = {
				ALWAYS_EMBED_SWIFT_STANDARD_LIBRARIES = YES;
				CODE_SIGN_STYLE = Automatic;
				CURRENT_PROJECT_VERSION = 1;
				GENERATE_INFOPLIST_FILE = YES;
				MARKETING_VERSION = 1.0;
				PRODUCT_BUNDLE_IDENTIFIER = "com.swiftui-starting.VideoDownloaderUITests";
				PRODUCT_NAME = "$(TARGET_NAME)";
				SWIFT_EMIT_LOC_STRINGS = NO;
				SWIFT_VERSION = 5.0;
				TARGETED_DEVICE_FAMILY = "1,2";
				TEST_TARGET_NAME = VideoDownloader;
			};
			name = Release;
		};
/* End XCBuildConfiguration section */

/* Begin XCConfigurationList section */
		049091572A2BDF9F00D6B693 /* Build configuration list for PBXProject "VideoDownloader" */ = {
			isa = XCConfigurationList;
			buildConfigurations = (
				049091872A2BDFA300D6B693 /* Debug */,
				049091882A2BDFA300D6B693 /* Release */,
			);
			defaultConfigurationIsVisible = 0;
			defaultConfigurationName = Release;
		};
		049091892A2BDFA300D6B693 /* Build configuration list for PBXNativeTarget "VideoDownloader" */ = {
			isa = XCConfigurationList;
			buildConfigurations = (
				0490918A2A2BDFA300D6B693 /* Debug */,
				0490918B2A2BDFA300D6B693 /* Release */,
			);
			defaultConfigurationIsVisible = 0;
			defaultConfigurationName = Release;
		};
		0490918C2A2BDFA300D6B693 /* Build configuration list for PBXNativeTarget "VideoDownloaderTests" */ = {
			isa = XCConfigurationList;
			buildConfigurations = (
				0490918D2A2BDFA300D6B693 /* Debug */,
				0490918E2A2BDFA300D6B693 /* Release */,
			);
			defaultConfigurationIsVisible = 0;
			defaultConfigurationName = Release;
		};
		0490918F2A2BDFA300D6B693 /* Build configuration list for PBXNativeTarget "VideoDownloaderUITests" */ = {
			isa = XCConfigurationList;
			buildConfigurations = (
				049091902A2BDFA300D6B693 /* Debug */,
				049091912A2BDFA300D6B693 /* Release */,
			);
			defaultConfigurationIsVisible = 0;
			defaultConfigurationName = Release;
		};
/* End XCConfigurationList section */

/* Begin XCVersionGroup section */
		049091682A2BDF9F00D6B693 /* VideoDownloader.xcdatamodeld */ = {
			isa = XCVersionGroup;
			children = (
				049091692A2BDF9F00D6B693 /* VideoDownloader.xcdatamodel */,
			);
			currentVersion = 049091692A2BDF9F00D6B693 /* VideoDownloader.xcdatamodel */;
			path = VideoDownloader.xcdatamodeld;
			sourceTree = "<group>";
			versionGroupType = wrapper.xcdatamodel;
		};
/* End XCVersionGroup section */
	};
	rootObject = 049091542A2BDF9F00D6B693 /* Project object */;
}
